{
  "requires": true,
  "lockfileVersion": 1,
  "dependencies": {
    "@nondanee/unblockneteasemusic": {
      "version": "0.19.3",
      "resolved": "https://registry.npmjs.org/@nondanee/unblockneteasemusic/-/unblockneteasemusic-0.19.3.tgz",
      "integrity": "sha512-QoD+z9t5mzbrbKc06qYMP/81lmBJZ6yXhtBR4ncrtq+xjwqgNZYLgLdKUvA7ssel8ItZiZ/HtXgYHPkRLV+OiA=="
    }
  }
}
